// !$*UTF8*$!
{
	archiveVersion = 1;
	classes = {
	};
	objectVersion = 56;
	objects = {

/* Begin PBXBuildFile section */
		04DEE0182B25C52C0023D80C /* AppDelegate.swift in Sources */ = {isa = PBXBuildFile; fileRef = 04DEE0172B25C52C0023D80C /* AppDelegate.swift */; };
		04DEE01A2B25C52C0023D80C /* SceneDelegate.swift in Sources */ = {isa = PBXBuildFile; fileRef = 04DEE0192B25C52C0023D80C /* SceneDelegate.swift */; };
		04DEE01C2B25C52C0023D80C /* Mainpage.swift in Sources */ = {isa = PBXBuildFile; fileRef = 04DEE01B2B25C52C0023D80C /* Mainpage.swift */; };
		04DEE01F2B25C52C0023D80C /* Main.storyboard in Resources */ = {isa = PBXBuildFile; fileRef = 04DEE01D2B25C52C0023D80C /* Main.storyboard */; };
		04DEE0212B25C52D0023D80C /* Assets.xcassets in Resources */ = {isa = PBXBuildFile; fileRef = 04DEE0202B25C52D0023D80C /* Assets.xcassets */; };
		04DEE0242B25C52D0023D80C /* LaunchScreen.storyboard in Resources */ = {isa = PBXBuildFile; fileRef = 04DEE0222B25C52D0023D80C /* LaunchScreen.storyboard */; };
		04DEE0302B25CEED0023D80C /* OpenAIAPIModel.swift in Sources */ = {isa = PBXBuildFile; fileRef = 04DEE02F2B25CEED0023D80C /* OpenAIAPIModel.swift */; };
		04DEE03E2B270BCE0023D80C /* Alamofire in Frameworks */ = {isa = PBXBuildFile; productRef = 04DEE03D2B270BCE0023D80C /* Alamofire */; };
		04DEE0442B29C3CE0023D80C /* Car.swift in Sources */ = {isa = PBXBuildFile; fileRef = 04DEE0432B29C3CE0023D80C /* Car.swift */; };
		04DEE0492B29C5E80023D80C /* MainpageViewModel.swift in Sources */ = {isa = PBXBuildFile; fileRef = 04DEE0482B29C5E80023D80C /* MainpageViewModel.swift */; };
		04DEE04C2B29CA3D0023D80C /* CarTableViewCell.swift in Sources */ = {isa = PBXBuildFile; fileRef = 04DEE04A2B29CA3D0023D80C /* CarTableViewCell.swift */; };
		04DEE04D2B29CA3D0023D80C /* CarTableViewCell.xib in Resources */ = {isa = PBXBuildFile; fileRef = 04DEE04B2B29CA3D0023D80C /* CarTableViewCell.xib */; };
		04F7020B2B2B098E004A5EEB /* DetailPage.swift in Sources */ = {isa = PBXBuildFile; fileRef = 04F7020A2B2B098E004A5EEB /* DetailPage.swift */; };
/* End PBXBuildFile section */

/* Begin PBXFileReference section */
		04DEE0142B25C52C0023D80C /* BorusanAutoHack.app */ = {isa = PBXFileReference; explicitFileType = wrapper.application; includeInIndex = 0; path = BorusanAutoHack.app; sourceTree = BUILT_PRODUCTS_DIR; };
		04DEE0172B25C52C0023D80C /* AppDelegate.swift */ = {isa = PBXFileReference; lastKnownFileType = sourcecode.swift; path = AppDelegate.swift; sourceTree = "<group>"; };
		04DEE0192B25C52C0023D80C /* SceneDelegate.swift */ = {isa = PBXFileReference; lastKnownFileType = sourcecode.swift; path = SceneDelegate.swift; sourceTree = "<group>"; };
		04DEE01B2B25C52C0023D80C /* Mainpage.swift */ = {isa = PBXFileReference; lastKnownFileType = sourcecode.swift; path = Mainpage.swift; sourceTree = "<group>"; };
		04DEE01E2B25C52C0023D80C /* Base */ = {isa = PBXFileReference; lastKnownFileType = file.storyboard; name = Base; path = Base.lproj/Main.storyboard; sourceTree = "<group>"; };
		04DEE0202B25C52D0023D80C /* Assets.xcassets */ = {isa = PBXFileReference; lastKnownFileType = folder.assetcatalog; path = Assets.xcassets; sourceTree = "<group>"; };
		04DEE0232B25C52D0023D80C /* Base */ = {isa = PBXFileReference; lastKnownFileType = file.storyboard; name = Base; path = Base.lproj/LaunchScreen.storyboard; sourceTree = "<group>"; };
		04DEE0252B25C52D0023D80C /* Info.plist */ = {isa = PBXFileReference; lastKnownFileType = text.plist.xml; path = Info.plist; sourceTree = "<group>"; };
		04DEE02F2B25CEED0023D80C /* OpenAIAPIModel.swift */ = {isa = PBXFileReference; lastKnownFileType = sourcecode.swift; path = OpenAIAPIModel.swift; sourceTree = "<group>"; };
		04DEE0432B29C3CE0023D80C /* Car.swift */ = {isa = PBXFileReference; lastKnownFileType = sourcecode.swift; path = Car.swift; sourceTree = "<group>"; };
		04DEE0482B29C5E80023D80C /* MainpageViewModel.swift */ = {isa = PBXFileReference; lastKnownFileType = sourcecode.swift; path = MainpageViewModel.swift; sourceTree = "<group>"; };
		04DEE04A2B29CA3D0023D80C /* CarTableViewCell.swift */ = {isa = PBXFileReference; lastKnownFileType = sourcecode.swift; path = CarTableViewCell.swift; sourceTree = "<group>"; };
		04DEE04B2B29CA3D0023D80C /* CarTableViewCell.xib */ = {isa = PBXFileReference; lastKnownFileType = file.xib; path = CarTableViewCell.xib; sourceTree = "<group>"; };
		04F7020A2B2B098E004A5EEB /* DetailPage.swift */ = {isa = PBXFileReference; lastKnownFileType = sourcecode.swift; path = DetailPage.swift; sourceTree = "<group>"; };
/* End PBXFileReference section */

/* Begin PBXFrameworksBuildPhase section */
		04DEE0112B25C52C0023D80C /* Frameworks */ = {
			isa = PBXFrameworksBuildPhase;
			buildActionMask = 2147483647;
			files = (
				04DEE03E2B270BCE0023D80C /* Alamofire in Frameworks */,
			);
			runOnlyForDeploymentPostprocessing = 0;
		};
/* End PBXFrameworksBuildPhase section */

/* Begin PBXGroup section */
		04DEE00B2B25C52C0023D80C = {
			isa = PBXGroup;
			children = (
				04DEE0162B25C52C0023D80C /* BorusanAutoHack */,
				04DEE0152B25C52C0023D80C /* Products */,
			);
			sourceTree = "<group>";
		};
		04DEE0152B25C52C0023D80C /* Products */ = {
			isa = PBXGroup;
			children = (
				04DEE0142B25C52C0023D80C /* BorusanAutoHack.app */,
			);
			name = Products;
			sourceTree = "<group>";
		};
		04DEE0162B25C52C0023D80C /* BorusanAutoHack */ = {
			isa = PBXGroup;
			children = (
				04DEE0472B29C54E0023D80C /* Supporting Files */,
				04DEE0462B29C53F0023D80C /* View */,
				04DEE0452B29C5330023D80C /* ViewModel */,
				04DEE02E2B25CEDD0023D80C /* Model */,
				04DEE0252B25C52D0023D80C /* Info.plist */,
			);
			path = BorusanAutoHack;
			sourceTree = "<group>";
		};
		04DEE02E2B25CEDD0023D80C /* Model */ = {
			isa = PBXGroup;
			children = (
				04DEE02F2B25CEED0023D80C /* OpenAIAPIModel.swift */,
				04DEE0422B29C3C10023D80C /* Entity */,
			);
			path = Model;
			sourceTree = "<group>";
		};
		04DEE0422B29C3C10023D80C /* Entity */ = {
			isa = PBXGroup;
			children = (
				04DEE0432B29C3CE0023D80C /* Car.swift */,
			);
			path = Entity;
			sourceTree = "<group>";
		};
		04DEE0452B29C5330023D80C /* ViewModel */ = {
			isa = PBXGroup;
			children = (
				04DEE0482B29C5E80023D80C /* MainpageViewModel.swift */,
			);
			path = ViewModel;
			sourceTree = "<group>";
		};
		04DEE0462B29C53F0023D80C /* View */ = {
			isa = PBXGroup;
			children = (
				04DEE01B2B25C52C0023D80C /* Mainpage.swift */,
				04F7020A2B2B098E004A5EEB /* DetailPage.swift */,
				04DEE01D2B25C52C0023D80C /* Main.storyboard */,
				04DEE0222B25C52D0023D80C /* LaunchScreen.storyboard */,
				04DEE04E2B29CA440023D80C /* TableViewCell */,
			);
			path = View;
			sourceTree = "<group>";
		};
		04DEE0472B29C54E0023D80C /* Supporting Files */ = {
			isa = PBXGroup;
			children = (
				04DEE0172B25C52C0023D80C /* AppDelegate.swift */,
				04DEE0192B25C52C0023D80C /* SceneDelegate.swift */,
				04DEE0202B25C52D0023D80C /* Assets.xcassets */,
			);
			name = "Supporting Files";
			path = "Supporting Fİles";
			sourceTree = "<group>";
		};
		04DEE04E2B29CA440023D80C /* TableViewCell */ = {
			isa = PBXGroup;
			children = (
				04DEE04A2B29CA3D0023D80C /* CarTableViewCell.swift */,
				04DEE04B2B29CA3D0023D80C /* CarTableViewCell.xib */,
			);
			path = TableViewCell;
			sourceTree = "<group>";
		};
/* End PBXGroup section */

/* Begin PBXNativeTarget section */
		04DEE0132B25C52C0023D80C /* BorusanAutoHack */ = {
			isa = PBXNativeTarget;
			buildConfigurationList = 04DEE0282B25C52D0023D80C /* Build configuration list for PBXNativeTarget "BorusanAutoHack" */;
			buildPhases = (
				04DEE0102B25C52C0023D80C /* Sources */,
				04DEE0112B25C52C0023D80C /* Frameworks */,
				04DEE0122B25C52C0023D80C /* Resources */,
			);
			buildRules = (
			);
			dependencies = (
			);
			name = BorusanAutoHack;
			packageProductDependencies = (
				04DEE03D2B270BCE0023D80C /* Alamofire */,
			);
			productName = BorusanAutoHack;
			productReference = 04DEE0142B25C52C0023D80C /* BorusanAutoHack.app */;
			productType = "com.apple.product-type.application";
		};
/* End PBXNativeTarget section */

/* Begin PBXProject section */
		04DEE00C2B25C52C0023D80C /* Project object */ = {
			isa = PBXProject;
			attributes = {
				BuildIndependentTargetsInParallel = 1;
				LastSwiftUpdateCheck = 1500;
				LastUpgradeCheck = 1500;
				TargetAttributes = {
					04DEE0132B25C52C0023D80C = {
						CreatedOnToolsVersion = 15.0.1;
					};
				};
			};
			buildConfigurationList = 04DEE00F2B25C52C0023D80C /* Build configuration list for PBXProject "BorusanAutoHack" */;
			compatibilityVersion = "Xcode 14.0";
			developmentRegion = en;
			hasScannedForEncodings = 0;
			knownRegions = (
				en,
				Base,
			);
			mainGroup = 04DEE00B2B25C52C0023D80C;
			packageReferences = (
				04DEE03C2B270BCE0023D80C /* XCRemoteSwiftPackageReference "Alamofire" */,
			);
			productRefGroup = 04DEE0152B25C52C0023D80C /* Products */;
			projectDirPath = "";
			projectRoot = "";
			targets = (
				04DEE0132B25C52C0023D80C /* BorusanAutoHack */,
			);
		};
/* End PBXProject section */

/* Begin PBXResourcesBuildPhase section */
		04DEE0122B25C52C0023D80C /* Resources */ = {
			isa = PBXResourcesBuildPhase;
			buildActionMask = 2147483647;
			files = (
				04DEE0242B25C52D0023D80C /* LaunchScreen.storyboard in Resources */,
				04DEE0212B25C52D0023D80C /* Assets.xcassets in Resources */,
				04DEE04D2B29CA3D0023D80C /* CarTableViewCell.xib in Resources */,
				04DEE01F2B25C52C0023D80C /* Main.storyboard in Resources */,
			);
			runOnlyForDeploymentPostprocessing = 0;
		};
/* End PBXResourcesBuildPhase section */

/* Begin PBXSourcesBuildPhase section */
		04DEE0102B25C52C0023D80C /* Sources */ = {
			isa = PBXSourcesBuildPhase;
			buildActionMask = 2147483647;
			files = (
				04DEE01C2B25C52C0023D80C /* Mainpage.swift in Sources */,
				04DEE04C2B29CA3D0023D80C /* CarTableViewCell.swift in Sources */,
				04DEE0182B25C52C0023D80C /* AppDelegate.swift in Sources */,
				04F7020B2B2B098E004A5EEB /* DetailPage.swift in Sources */,
				04DEE0492B29C5E80023D80C /* MainpageViewModel.swift in Sources */,
				04DEE0442B29C3CE0023D80C /* Car.swift in Sources */,
				04DEE0302B25CEED0023D80C /* OpenAIAPIModel.swift in Sources */,
				04DEE01A2B25C52C0023D80C /* SceneDelegate.swift in Sources */,
			);
			runOnlyForDeploymentPostprocessing = 0;
		};
/* End PBXSourcesBuildPhase section */

/* Begin PBXVariantGroup section */
		04DEE01D2B25C52C0023D80C /* Main.storyboard */ = {
			isa = PBXVariantGroup;
			children = (
				04DEE01E2B25C52C0023D80C /* Base */,
			);
			name = Main.storyboard;
			sourceTree = "<group>";
		};
		04DEE0222B25C52D0023D80C /* LaunchScreen.storyboard */ = {
			isa = PBXVariantGroup;
			children = (
				04DEE0232B25C52D0023D80C /* Base */,
			);
			name = LaunchScreen.storyboard;
			sourceTree = "<group>";
		};
/* End PBXVariantGroup section */

/* Begin XCBuildConfiguration section */
		04DEE0262B25C52D0023D80C /* Debug */ = {
			isa = XCBuildConfiguration;
			buildSettings = {
				ALWAYS_SEARCH_USER_PATHS = NO;
				ASSETCATALOG_COMPILER_GENERATE_SWIFT_ASSET_SYMBOL_EXTENSIONS = YES;
				CLANG_ANALYZER_NONNULL = YES;
				CLANG_ANALYZER_NUMBER_OBJECT_CONVERSION = YES_AGGRESSIVE;
				CLANG_CXX_LANGUAGE_STANDARD = "gnu++20";
				CLANG_ENABLE_MODULES = YES;
				CLANG_ENABLE_OBJC_ARC = YES;
				CLANG_ENABLE_OBJC_WEAK = YES;
				CLANG_WARN_BLOCK_CAPTURE_AUTORELEASING = YES;
				CLANG_WARN_BOOL_CONVERSION = YES;
				CLANG_WARN_COMMA = YES;
				CLANG_WARN_CONSTANT_CONVERSION = YES;
				CLANG_WARN_DEPRECATED_OBJC_IMPLEMENTATIONS = YES;
				CLANG_WARN_DIRECT_OBJC_ISA_USAGE = YES_ERROR;
				CLANG_WARN_DOCUMENTATION_COMMENTS = YES;
				CLANG_WARN_EMPTY_BODY = YES;
				CLANG_WARN_ENUM_CONVERSION = YES;
				CLANG_WARN_INFINITE_RECURSION = YES;
				CLANG_WARN_INT_CONVERSION = YES;
				CLANG_WARN_NON_LITERAL_NULL_CONVERSION = YES;
				CLANG_WARN_OBJC_IMPLICIT_RETAIN_SELF = YES;
				CLANG_WARN_OBJC_LITERAL_CONVERSION = YES;
				CLANG_WARN_OBJC_ROOT_CLASS = YES_ERROR;
				CLANG_WARN_QUOTED_INCLUDE_IN_FRAMEWORK_HEADER = YES;
				CLANG_WARN_RANGE_LOOP_ANALYSIS = YES;
				CLANG_WARN_STRICT_PROTOTYPES = YES;
				CLANG_WARN_SUSPICIOUS_MOVE = YES;
				CLANG_WARN_UNGUARDED_AVAILABILITY = YES_AGGRESSIVE;
				CLANG_WARN_UNREACHABLE_CODE = YES;
				CLANG_WARN__DUPLICATE_METHOD_MATCH = YES;
				COPY_PHASE_STRIP = NO;
				DEBUG_INFORMATION_FORMAT = dwarf;
				ENABLE_STRICT_OBJC_MSGSEND = YES;
				ENABLE_TESTABILITY = YES;
				ENABLE_USER_SCRIPT_SANDBOXING = YES;
				GCC_C_LANGUAGE_STANDARD = gnu17;
				GCC_DYNAMIC_NO_PIC = NO;
				GCC_NO_COMMON_BLOCKS = YES;
				GCC_OPTIMIZATION_LEVEL = 0;
				GCC_PREPROCESSOR_DEFINITIONS = (
					"DEBUG=1",
					"$(inherited)",
				);
				GCC_WARN_64_TO_32_BIT_CONVERSION = YES;
				GCC_WARN_ABOUT_RETURN_TYPE = YES_ERROR;
				GCC_WARN_UNDECLARED_SELECTOR = YES;
				GCC_WARN_UNINITIALIZED_AUTOS = YES_AGGRESSIVE;
				GCC_WARN_UNUSED_FUNCTION = YES;
				GCC_WARN_UNUSED_VARIABLE = YES;
				IPHONEOS_DEPLOYMENT_TARGET = 17.0;
				LOCALIZATION_PREFERS_STRING_CATALOGS = YES;
				MTL_ENABLE_DEBUG_INFO = INCLUDE_SOURCE;
				MTL_FAST_MATH = YES;
				ONLY_ACTIVE_ARCH = YES;
				SDKROOT = iphoneos;
				SWIFT_ACTIVE_COMPILATION_CONDITIONS = "DEBUG $(inherited)";
				SWIFT_OPTIMIZATION_LEVEL = "-Onone";
			};
			name = Debug;
		};
		04DEE0272B25C52D0023D80C /* Release */ = {
			isa = XCBuildConfiguration;
			buildSettings = {
				ALWAYS_SEARCH_USER_PATHS = NO;
				ASSETCATALOG_COMPILER_GENERATE_SWIFT_ASSET_SYMBOL_EXTENSIONS = YES;
				CLANG_ANALYZER_NONNULL = YES;
				CLANG_ANALYZER_NUMBER_OBJECT_CONVERSION = YES_AGGRESSIVE;
				CLANG_CXX_LANGUAGE_STANDARD = "gnu++20";
				CLANG_ENABLE_MODULES = YES;
				CLANG_ENABLE_OBJC_ARC = YES;
				CLANG_ENABLE_OBJC_WEAK = YES;
				CLANG_WARN_BLOCK_CAPTURE_AUTORELEASING = YES;
				CLANG_WARN_BOOL_CONVERSION = YES;
				CLANG_WARN_COMMA = YES;
				CLANG_WARN_CONSTANT_CONVERSION = YES;
				CLANG_WARN_DEPRECATED_OBJC_IMPLEMENTATIONS = YES;
				CLANG_WARN_DIRECT_OBJC_ISA_USAGE = YES_ERROR;
				CLANG_WARN_DOCUMENTATION_COMMENTS = YES;
				CLANG_WARN_EMPTY_BODY = YES;
				CLANG_WARN_ENUM_CONVERSION = YES;
				CLANG_WARN_INFINITE_RECURSION = YES;
				CLANG_WARN_INT_CONVERSION = YES;
				CLANG_WARN_NON_LITERAL_NULL_CONVERSION = YES;
				CLANG_WARN_OBJC_IMPLICIT_RETAIN_SELF = YES;
				CLANG_WARN_OBJC_LITERAL_CONVERSION = YES;
				CLANG_WARN_OBJC_ROOT_CLASS = YES_ERROR;
				CLANG_WARN_QUOTED_INCLUDE_IN_FRAMEWORK_HEADER = YES;
				CLANG_WARN_RANGE_LOOP_ANALYSIS = YES;
				CLANG_WARN_STRICT_PROTOTYPES = YES;
				CLANG_WARN_SUSPICIOUS_MOVE = YES;
				CLANG_WARN_UNGUARDED_AVAILABILITY = YES_AGGRESSIVE;
				CLANG_WARN_UNREACHABLE_CODE = YES;
				CLANG_WARN__DUPLICATE_METHOD_MATCH = YES;
				COPY_PHASE_STRIP = NO;
				DEBUG_INFORMATION_FORMAT = "dwarf-with-dsym";
				ENABLE_NS_ASSERTIONS = NO;
				ENABLE_STRICT_OBJC_MSGSEND = YES;
				ENABLE_USER_SCRIPT_SANDBOXING = YES;
				GCC_C_LANGUAGE_STANDARD = gnu17;
				GCC_NO_COMMON_BLOCKS = YES;
				GCC_WARN_64_TO_32_BIT_CONVERSION = YES;
				GCC_WARN_ABOUT_RETURN_TYPE = YES_ERROR;
				GCC_WARN_UNDECLARED_SELECTOR = YES;
				GCC_WARN_UNINITIALIZED_AUTOS = YES_AGGRESSIVE;
				GCC_WARN_UNUSED_FUNCTION = YES;
				GCC_WARN_UNUSED_VARIABLE = YES;
				IPHONEOS_DEPLOYMENT_TARGET = 17.0;
				LOCALIZATION_PREFERS_STRING_CATALOGS = YES;
				MTL_ENABLE_DEBUG_INFO = NO;
				MTL_FAST_MATH = YES;
				SDKROOT = iphoneos;
				SWIFT_COMPILATION_MODE = wholemodule;
				VALIDATE_PRODUCT = YES;
			};
			name = Release;
		};
		04DEE0292B25C52D0023D80C /* Debug */ = {
			isa = XCBuildConfiguration;
			buildSettings = {
				ASSETCATALOG_COMPILER_APPICON_NAME = AppIcon;
				ASSETCATALOG_COMPILER_GLOBAL_ACCENT_COLOR_NAME = AccentColor;
				CODE_SIGN_STYLE = Automatic;
				CURRENT_PROJECT_VERSION = 1;
				DEVELOPMENT_TEAM = U675FN2PY2;
				GENERATE_INFOPLIST_FILE = YES;
				INFOPLIST_FILE = BorusanAutoHack/Info.plist;
				INFOPLIST_KEY_UIApplicationSupportsIndirectInputEvents = YES;
				INFOPLIST_KEY_UILaunchStoryboardName = LaunchScreen;
				INFOPLIST_KEY_UIMainStoryboardFile = Main;
				INFOPLIST_KEY_UISupportedInterfaceOrientations_iPad = "UIInterfaceOrientationPortrait UIInterfaceOrientationPortraitUpsideDown UIInterfaceOrientationLandscapeLeft UIInterfaceOrientationLandscapeRight";
				INFOPLIST_KEY_UISupportedInterfaceOrientations_iPhone = "UIInterfaceOrientationPortrait UIInterfaceOrientationLandscapeLeft UIInterfaceOrientationLandscapeRight";
				IPHONEOS_DEPLOYMENT_TARGET = 15.0;
				LD_RUNPATH_SEARCH_PATHS = (
					"$(inherited)",
					"@executable_path/Frameworks",
				);
				MARKETING_VERSION = 1.0;
				PRODUCT_BUNDLE_IDENTIFIER = murat.com.BorusanAutoHack;
				PRODUCT_NAME = "$(TARGET_NAME)";
				SWIFT_EMIT_LOC_STRINGS = YES;
				SWIFT_VERSION = 5.0;
				TARGETED_DEVICE_FAMILY = "1,2";
			};
			name = Debug;
		};
		04DEE02A2B25C52D0023D80C /* Release */ = {
			isa = XCBuildConfiguration;
			buildSettings = {
				ASSETCATALOG_COMPILER_APPICON_NAME = AppIcon;
				ASSETCATALOG_COMPILER_GLOBAL_ACCENT_COLOR_NAME = AccentColor;
				CODE_SIGN_STYLE = Automatic;
				CURRENT_PROJECT_VERSION = 1;
				DEVELOPMENT_TEAM = U675FN2PY2;
				GENERATE_INFOPLIST_FILE = YES;
				INFOPLIST_FILE = BorusanAutoHack/Info.plist;
				INFOPLIST_KEY_UIApplicationSupportsIndirectInputEvents = YES;
				INFOPLIST_KEY_UILaunchStoryboardName = LaunchScreen;
				INFOPLIST_KEY_UIMainStoryboardFile = Main;
				INFOPLIST_KEY_UISupportedInterfaceOrientations_iPad = "UIInterfaceOrientationPortrait UIInterfaceOrientationPortraitUpsideDown UIInterfaceOrientationLandscapeLeft UIInterfaceOrientationLandscapeRight";
				INFOPLIST_KEY_UISupportedInterfaceOrientations_iPhone = "UIInterfaceOrientationPortrait UIInterfaceOrientationLandscapeLeft UIInterfaceOrientationLandscapeRight";
				IPHONEOS_DEPLOYMENT_TARGET = 15.0;
				LD_RUNPATH_SEARCH_PATHS = (
					"$(inherited)",
					"@executable_path/Frameworks",
				);
				MARKETING_VERSION = 1.0;
				PRODUCT_BUNDLE_IDENTIFIER = murat.com.BorusanAutoHack;
				PRODUCT_NAME = "$(TARGET_NAME)";
				SWIFT_EMIT_LOC_STRINGS = YES;
				SWIFT_VERSION = 5.0;
				TARGETED_DEVICE_FAMILY = "1,2";
			};
			name = Release;
		};
/* End XCBuildConfiguration section */

/* Begin XCConfigurationList section */
		04DEE00F2B25C52C0023D80C /* Build configuration list for PBXProject "BorusanAutoHack" */ = {
			isa = XCConfigurationList;
			buildConfigurations = (
				04DEE0262B25C52D0023D80C /* Debug */,
				04DEE0272B25C52D0023D80C /* Release */,
			);
			defaultConfigurationIsVisible = 0;
			defaultConfigurationName = Release;
		};
		04DEE0282B25C52D0023D80C /* Build configuration list for PBXNativeTarget "BorusanAutoHack" */ = {
			isa = XCConfigurationList;
			buildConfigurations = (
				04DEE0292B25C52D0023D80C /* Debug */,
				04DEE02A2B25C52D0023D80C /* Release */,
			);
			defaultConfigurationIsVisible = 0;
			defaultConfigurationName = Release;
		};
/* End XCConfigurationList section */

/* Begin XCRemoteSwiftPackageReference section */
		04DEE03C2B270BCE0023D80C /* XCRemoteSwiftPackageReference "Alamofire" */ = {
			isa = XCRemoteSwiftPackageReference;
			repositoryURL = "https://github.com/Alamofire/Alamofire.git";
			requirement = {
				kind = upToNextMajorVersion;
				minimumVersion = 5.8.1;
			};
		};
/* End XCRemoteSwiftPackageReference section */

/* Begin XCSwiftPackageProductDependency section */
		04DEE03D2B270BCE0023D80C /* Alamofire */ = {
			isa = XCSwiftPackageProductDependency;
			package = 04DEE03C2B270BCE0023D80C /* XCRemoteSwiftPackageReference "Alamofire" */;
			productName = Alamofire;
		};
/* End XCSwiftPackageProductDependency section */
	};
	rootObject = 04DEE00C2B25C52C0023D80C /* Project object */;
}
